
Microsoft Visual Studio Solution File, Format Version 12.00
# Visual Studio 15
VisualStudioVersion = 15.0.26730.12
MinimumVisualStudioVersion = 10.0.40219.1
Project("{FAE04EC0-301F-11D3-BF4B-00C04F79EFBC}") = "TotalCommander", "TotalCommander\TotalCommander.csproj", "{E74941F8-DBA2-4EA2-AF2D-C7468D206F19}"
EndProject
Global
	GlobalSection(SolutionConfigurationPlatforms) = preSolution
		Debug|Any CPU = Debug|Any CPU
		Release|Any CPU = Release|Any CPU
	EndGlobalSection
	GlobalSection(ProjectConfigurationPlatforms) = postSolution
		{E74941F8-DBA2-4EA2-AF2D-C7468D206F19}.Debug|Any CPU.ActiveCfg = Debug|Any CPU
		{E74941F8-DBA2-4EA2-AF2D-C7468D206F19}.Debug|Any CPU.Build.0 = Debug|Any CPU
		{E74941F8-DBA2-4EA2-AF2D-C7468D206F19}.Release|Any CPU.ActiveCfg = Release|Any CPU
		{E74941F8-DBA2-4EA2-AF2D-C7468D206F19}.Release|Any CPU.Build.0 = Release|Any CPU
	EndGlobalSection
	GlobalSection(SolutionProperties) = preSolution
		HideSolutionNode = FALSE
	EndGlobalSection
	GlobalSection(ExtensibilityGlobals) = postSolution
		SolutionGuid = {8476D762-DE8B-4008-83A3-DC50E324BC2B}
	EndGlobalSection
EndGlobal
